
Microsoft Visual Studio Solution File, Format Version 12.00
# Visual Studio Version 17
VisualStudioVersion = 17.3.32922.545
MinimumVisualStudioVersion = 10.0.40219.1
Project("{9A19103F-16F7-4668-BE54-9A1E7A4F7556}") = "ECommerceApp", "ECommerceApp\ECommerceApp.csproj", "{4AC430F2-0787-4286-92B3-CC9BADAED85D}"
EndProject
Project("{FAE04EC0-301F-11D3-BF4B-00C04F79EFBC}") = "EmailService", "EmailService\EmailService.csproj", "{F73BAA1E-FDE9-4666-82E6-329D9BAC30A7}"
EndProject
Global
	GlobalSection(SolutionConfigurationPlatforms) = preSolution
		Debug|Any CPU = Debug|Any CPU
		Release|Any CPU = Release|Any CPU
	EndGlobalSection
	GlobalSection(ProjectConfigurationPlatforms) = postSolution
		{4AC430F2-0787-4286-92B3-CC9BADAED85D}.Debug|Any CPU.ActiveCfg = Debug|Any CPU
		{4AC430F2-0787-4286-92B3-CC9BADAED85D}.Debug|Any CPU.Build.0 = Debug|Any CPU
		{4AC430F2-0787-4286-92B3-CC9BADAED85D}.Release|Any CPU.ActiveCfg = Release|Any CPU
		{4AC430F2-0787-4286-92B3-CC9BADAED85D}.Release|Any CPU.Build.0 = Release|Any CPU
		{F73BAA1E-FDE9-4666-82E6-329D9BAC30A7}.Debug|Any CPU.ActiveCfg = Debug|Any CPU
		{F73BAA1E-FDE9-4666-82E6-329D9BAC30A7}.Debug|Any CPU.Build.0 = Debug|Any CPU
		{F73BAA1E-FDE9-4666-82E6-329D9BAC30A7}.Release|Any CPU.ActiveCfg = Release|Any CPU
		{F73BAA1E-FDE9-4666-82E6-329D9BAC30A7}.Release|Any CPU.Build.0 = Release|Any CPU
	EndGlobalSection
	GlobalSection(SolutionProperties) = preSolution
		HideSolutionNode = FALSE
	EndGlobalSection
	GlobalSection(ExtensibilityGlobals) = postSolution
		SolutionGuid = {009118A6-A42E-4D46-B4A7-CAF73643E9E8}
	EndGlobalSection
EndGlobal
